
Microsoft Visual Studio Solution File, Format Version 12.00
# Visual Studio 15
Project("{FAE04EC0-301F-11D3-BF4B-00C04F79EFBC}") = "Assembly-CSharp", "Assembly-CSharp.csproj", "{C5425627-CA5E-4753-1E38-A0A068352FAC}"
EndProject
Project("{FAE04EC0-301F-11D3-BF4B-00C04F79EFBC}") = "Assembly-CSharp-firstpass", "Assembly-CSharp-firstpass.csproj", "{D2F2CF16-AD7D-C992-F36A-D0FCD158843D}"
EndProject
Project("{FAE04EC0-301F-11D3-BF4B-00C04F79EFBC}") = "Assembly-CSharp-Editor", "Assembly-CSharp-Editor.csproj", "{7ED33BB3-C1D9-94D0-5E8C-5C62F9B96DE0}"
EndProject
Global
	GlobalSection(SolutionConfigurationPlatforms) = preSolution
		Debug|Any CPU = Debug|Any CPU
		Release|Any CPU = Release|Any CPU
	EndGlobalSection
	GlobalSection(ProjectConfigurationPlatforms) = postSolution
		{C5425627-CA5E-4753-1E38-A0A068352FAC}.Debug|Any CPU.ActiveCfg = Debug|Any CPU
		{C5425627-CA5E-4753-1E38-A0A068352FAC}.Debug|Any CPU.Build.0 = Debug|Any CPU
		{C5425627-CA5E-4753-1E38-A0A068352FAC}.Release|Any CPU.ActiveCfg = Release|Any CPU
		{C5425627-CA5E-4753-1E38-A0A068352FAC}.Release|Any CPU.Build.0 = Release|Any CPU
		{D2F2CF16-AD7D-C992-F36A-D0FCD158843D}.Debug|Any CPU.ActiveCfg = Debug|Any CPU
		{D2F2CF16-AD7D-C992-F36A-D0FCD158843D}.Debug|Any CPU.Build.0 = Debug|Any CPU
		{D2F2CF16-AD7D-C992-F36A-D0FCD158843D}.Release|Any CPU.ActiveCfg = Release|Any CPU
		{D2F2CF16-AD7D-C992-F36A-D0FCD158843D}.Release|Any CPU.Build.0 = Release|Any CPU
		{7ED33BB3-C1D9-94D0-5E8C-5C62F9B96DE0}.Debug|Any CPU.ActiveCfg = Debug|Any CPU
		{7ED33BB3-C1D9-94D0-5E8C-5C62F9B96DE0}.Debug|Any CPU.Build.0 = Debug|Any CPU
		{7ED33BB3-C1D9-94D0-5E8C-5C62F9B96DE0}.Release|Any CPU.ActiveCfg = Release|Any CPU
		{7ED33BB3-C1D9-94D0-5E8C-5C62F9B96DE0}.Release|Any CPU.Build.0 = Release|Any CPU
	EndGlobalSection
	GlobalSection(SolutionProperties) = preSolution
		HideSolutionNode = FALSE
	EndGlobalSection
EndGlobal
